// !$*UTF8*$!
{
	archiveVersion = 1;
	classes = {
	};
	objectVersion = 55;
	objects = {

/* Begin PBXBuildFile section */
		43635D342807FD7F00D633CA /* AuthorView.swift in Sources */ = {isa = PBXBuildFile; fileRef = 43635D332807FD7F00D633CA /* AuthorView.swift */; };
		43635D36280809F400D633CA /* GradientView.swift in Sources */ = {isa = PBXBuildFile; fileRef = 43635D35280809F400D633CA /* GradientView.swift */; };
		43635D382808106F00D633CA /* ColoredLabel.swift in Sources */ = {isa = PBXBuildFile; fileRef = 43635D372808106F00D633CA /* ColoredLabel.swift */; };
		43635D3A2808137000D633CA /* CourseInfoView.swift in Sources */ = {isa = PBXBuildFile; fileRef = 43635D392808137000D633CA /* CourseInfoView.swift */; };
		43635D3C28081BAB00D633CA /* PaginationIndicatorView.swift in Sources */ = {isa = PBXBuildFile; fileRef = 43635D3B28081BAB00D633CA /* PaginationIndicatorView.swift */; };
		43635D3E280842DA00D633CA /* HomePresenter.swift in Sources */ = {isa = PBXBuildFile; fileRef = 43635D3D280842DA00D633CA /* HomePresenter.swift */; };
		43635D412808432E00D633CA /* User.swift in Sources */ = {isa = PBXBuildFile; fileRef = 43635D402808432E00D633CA /* User.swift */; };
		43635D43280843C400D633CA /* CourseDetailsViewModel.swift in Sources */ = {isa = PBXBuildFile; fileRef = 43635D42280843C400D633CA /* CourseDetailsViewModel.swift */; };
		4363D3E3280FDFC600C702B0 /* SearchBar.swift in Sources */ = {isa = PBXBuildFile; fileRef = 4363D3E2280FDFC600C702B0 /* SearchBar.swift */; };
		4363D3E5280FE07D00C702B0 /* ChatsTableView.swift in Sources */ = {isa = PBXBuildFile; fileRef = 4363D3E4280FE07D00C702B0 /* ChatsTableView.swift */; };
		4363D3E7280FE0BD00C702B0 /* ChatTableViewCell.swift in Sources */ = {isa = PBXBuildFile; fileRef = 4363D3E6280FE0BD00C702B0 /* ChatTableViewCell.swift */; };
		4363D3E9280FE63600C702B0 /* MessagesInteractor.swift in Sources */ = {isa = PBXBuildFile; fileRef = 4363D3E8280FE63600C702B0 /* MessagesInteractor.swift */; };
		4363D3EB280FE6BE00C702B0 /* MessagesPresenter.swift in Sources */ = {isa = PBXBuildFile; fileRef = 4363D3EA280FE6BE00C702B0 /* MessagesPresenter.swift */; };
		4363D3ED280FE98200C702B0 /* Chat.swift in Sources */ = {isa = PBXBuildFile; fileRef = 4363D3EC280FE98200C702B0 /* Chat.swift */; };
		4363D3EF280FF29B00C702B0 /* MessagesConfigurator.swift in Sources */ = {isa = PBXBuildFile; fileRef = 4363D3EE280FF29B00C702B0 /* MessagesConfigurator.swift */; };
		4363D3F1280FF2DF00C702B0 /* MessagesRouter.swift in Sources */ = {isa = PBXBuildFile; fileRef = 4363D3F0280FF2DF00C702B0 /* MessagesRouter.swift */; };
		4363D3F3281000F000C702B0 /* e_UITextField.swift in Sources */ = {isa = PBXBuildFile; fileRef = 4363D3F2281000F000C702B0 /* e_UITextField.swift */; };
		4363D3FE2810244B00C702B0 /* AppTabBar.swift in Sources */ = {isa = PBXBuildFile; fileRef = 4363D3FD2810244B00C702B0 /* AppTabBar.swift */; };
		4363D400281024EC00C702B0 /* AppTabItem.swift in Sources */ = {isa = PBXBuildFile; fileRef = 4363D3FF281024EC00C702B0 /* AppTabItem.swift */; };
		4363D40228103E6B00C702B0 /* e_Date.swift in Sources */ = {isa = PBXBuildFile; fileRef = 4363D40128103E6B00C702B0 /* e_Date.swift */; };
		43657AEE280E8BE3005DB313 /* e_UILabel.swift in Sources */ = {isa = PBXBuildFile; fileRef = 43657AED280E8BE3005DB313 /* e_UILabel.swift */; };
		43657AF0280E9261005DB313 /* CoursePlayButton.swift in Sources */ = {isa = PBXBuildFile; fileRef = 43657AEF280E9261005DB313 /* CoursePlayButton.swift */; };
		43657AF2280E930D005DB313 /* CoursePreview.swift in Sources */ = {isa = PBXBuildFile; fileRef = 43657AF1280E930D005DB313 /* CoursePreview.swift */; };
		43657AF6280EA193005DB313 /* CalendarButton.swift in Sources */ = {isa = PBXBuildFile; fileRef = 43657AF5280EA193005DB313 /* CalendarButton.swift */; };
		43657AF8280EA4B0005DB313 /* ScheduleCollectionView.swift in Sources */ = {isa = PBXBuildFile; fileRef = 43657AF7280EA4B0005DB313 /* ScheduleCollectionView.swift */; };
		43657AFA280EA566005DB313 /* ScheduleCollectionViewCell.swift in Sources */ = {isa = PBXBuildFile; fileRef = 43657AF9280EA566005DB313 /* ScheduleCollectionViewCell.swift */; };
		43657AFC280EA7F5005DB313 /* FormUnitView.swift in Sources */ = {isa = PBXBuildFile; fileRef = 43657AFB280EA7F5005DB313 /* FormUnitView.swift */; };
		43657AFE280EAA0B005DB313 /* ScheduleViewModel.swift in Sources */ = {isa = PBXBuildFile; fileRef = 43657AFD280EAA0B005DB313 /* ScheduleViewModel.swift */; };
		43657B00280EAD8A005DB313 /* ScheduleView.swift in Sources */ = {isa = PBXBuildFile; fileRef = 43657AFF280EAD8A005DB313 /* ScheduleView.swift */; };
		43657B02280EBD22005DB313 /* p_KeyboardHandler.swift in Sources */ = {isa = PBXBuildFile; fileRef = 43657B01280EBD22005DB313 /* p_KeyboardHandler.swift */; };
		43657B04280ED4AF005DB313 /* ScheduleStatusView.swift in Sources */ = {isa = PBXBuildFile; fileRef = 43657B03280ED4AF005DB313 /* ScheduleStatusView.swift */; };
		43657B06280ED9E9005DB313 /* e_UIViewController.swift in Sources */ = {isa = PBXBuildFile; fileRef = 43657B05280ED9E9005DB313 /* e_UIViewController.swift */; };
		43657B08280EE30E005DB313 /* ModalPresentationController.swift in Sources */ = {isa = PBXBuildFile; fileRef = 43657B07280EE30E005DB313 /* ModalPresentationController.swift */; };
		43657B0B280EE7A5005DB313 /* PresentAnimation.swift in Sources */ = {isa = PBXBuildFile; fileRef = 43657B0A280EE7A5005DB313 /* PresentAnimation.swift */; };
		43657B0D280EE7EC005DB313 /* DismissAnimation.swift in Sources */ = {isa = PBXBuildFile; fileRef = 43657B0C280EE7EC005DB313 /* DismissAnimation.swift */; };
		43657B0F280EEA34005DB313 /* TransitionDriver.swift in Sources */ = {isa = PBXBuildFile; fileRef = 43657B0E280EEA34005DB313 /* TransitionDriver.swift */; };
		43657B11280EEB4B005DB313 /* CGPoint+Velocity.swift in Sources */ = {isa = PBXBuildFile; fileRef = 43657B10280EEB4B005DB313 /* CGPoint+Velocity.swift */; };
		43657B14280F05F1005DB313 /* ChatViewModel.swift in Sources */ = {isa = PBXBuildFile; fileRef = 43657B13280F05F1005DB313 /* ChatViewModel.swift */; };
		4381CBC4280D4AEC005E1388 /* DataStore.swift in Sources */ = {isa = PBXBuildFile; fileRef = 4381CBC3280D4AEC005E1388 /* DataStore.swift */; };
		4381CBC6280D4B5A005E1388 /* Course.swift in Sources */ = {isa = PBXBuildFile; fileRef = 4381CBC5280D4B5A005E1388 /* Course.swift */; };
		4381CBC8280D4C19005E1388 /* Streamer.swift in Sources */ = {isa = PBXBuildFile; fileRef = 4381CBC7280D4C19005E1388 /* Streamer.swift */; };
		4381CBCA280D4D36005E1388 /* Message.swift in Sources */ = {isa = PBXBuildFile; fileRef = 4381CBC9280D4D36005E1388 /* Message.swift */; };
		4381CBCC280D4D7C005E1388 /* Person.swift in Sources */ = {isa = PBXBuildFile; fileRef = 4381CBCB280D4D7C005E1388 /* Person.swift */; };
		4381CBCE280D534B005E1388 /* Lesson.swift in Sources */ = {isa = PBXBuildFile; fileRef = 4381CBCD280D534B005E1388 /* Lesson.swift */; };
		4381CBD1280D57EE005E1388 /* HomeConfigurator.swift in Sources */ = {isa = PBXBuildFile; fileRef = 4381CBD0280D57EE005E1388 /* HomeConfigurator.swift */; };
		4381CBD3280D683C005E1388 /* CourseDetailsInteractor.swift in Sources */ = {isa = PBXBuildFile; fileRef = 4381CBD2280D683C005E1388 /* CourseDetailsInteractor.swift */; };
		4381CBD5280D6B9C005E1388 /* CourseDetailsPresenter.swift in Sources */ = {isa = PBXBuildFile; fileRef = 4381CBD4280D6B9C005E1388 /* CourseDetailsPresenter.swift */; };
		4381CBD7280D6D13005E1388 /* CourseDetailsConfigurator.swift in Sources */ = {isa = PBXBuildFile; fileRef = 4381CBD6280D6D13005E1388 /* CourseDetailsConfigurator.swift */; };
		4381CBD9280D6D81005E1388 /* CourseDetailsRouter.swift in Sources */ = {isa = PBXBuildFile; fileRef = 4381CBD8280D6D81005E1388 /* CourseDetailsRouter.swift */; };
		4381CBDB280D7E38005E1388 /* FollowButton.swift in Sources */ = {isa = PBXBuildFile; fileRef = 4381CBDA280D7E38005E1388 /* FollowButton.swift */; };
		43878C892806A2DE00ED092C /* StreamingCollectionViewCell.swift in Sources */ = {isa = PBXBuildFile; fileRef = 43878C882806A2DE00ED092C /* StreamingCollectionViewCell.swift */; };
		43878C8B2806A2F900ED092C /* StreamingView.swift in Sources */ = {isa = PBXBuildFile; fileRef = 43878C8A2806A2F900ED092C /* StreamingView.swift */; };
		43878C8D2806A30B00ED092C /* UserView.swift in Sources */ = {isa = PBXBuildFile; fileRef = 43878C8C2806A30B00ED092C /* UserView.swift */; };
		43878C8F2806A34200ED092C /* CourseCollectionViewCell.swift in Sources */ = {isa = PBXBuildFile; fileRef = 43878C8E2806A34200ED092C /* CourseCollectionViewCell.swift */; };
		43878C912806A35A00ED092C /* CoursesView.swift in Sources */ = {isa = PBXBuildFile; fileRef = 43878C902806A35A00ED092C /* CoursesView.swift */; };
		43878C932806A38200ED092C /* CoursesFilterView.swift in Sources */ = {isa = PBXBuildFile; fileRef = 43878C922806A38200ED092C /* CoursesFilterView.swift */; };
		43878C952806A3A100ED092C /* FilterCollectionViewCell.swift in Sources */ = {isa = PBXBuildFile; fileRef = 43878C942806A3A100ED092C /* FilterCollectionViewCell.swift */; };
		43878C972806C4D400ED092C /* e_UIView.swift in Sources */ = {isa = PBXBuildFile; fileRef = 43878C962806C4D400ED092C /* e_UIView.swift */; };
		43878C9C2806D2E900ED092C /* StreamerViewModel.swift in Sources */ = {isa = PBXBuildFile; fileRef = 43878C9B2806D2E900ED092C /* StreamerViewModel.swift */; };
		43878CA22806D43D00ED092C /* HomeInteractor.swift in Sources */ = {isa = PBXBuildFile; fileRef = 43878CA12806D43D00ED092C /* HomeInteractor.swift */; };
		43878CA42806EEDE00ED092C /* UserViewModel.swift in Sources */ = {isa = PBXBuildFile; fileRef = 43878CA32806EEDE00ED092C /* UserViewModel.swift */; };
		43878CA62806F01E00ED092C /* CourseViewModel.swift in Sources */ = {isa = PBXBuildFile; fileRef = 43878CA52806F01E00ED092C /* CourseViewModel.swift */; };
		43878CA92806F84500ED092C /* Poppins-Bold.ttf in Resources */ = {isa = PBXBuildFile; fileRef = 43878CA82806F84500ED092C /* Poppins-Bold.ttf */; };
		43878CAB2806F85200ED092C /* Poppins-SemiBold.ttf in Resources */ = {isa = PBXBuildFile; fileRef = 43878CAA2806F85200ED092C /* Poppins-SemiBold.ttf */; };
		43878CAD2806F85E00ED092C /* Poppins-Regular.ttf in Resources */ = {isa = PBXBuildFile; fileRef = 43878CAC2806F85E00ED092C /* Poppins-Regular.ttf */; };
		43878CAF2806F88F00ED092C /* Poppins-Medium.ttf in Resources */ = {isa = PBXBuildFile; fileRef = 43878CAE2806F88F00ED092C /* Poppins-Medium.ttf */; };
		43878CB32806F97600ED092C /* Fonts.swift in Sources */ = {isa = PBXBuildFile; fileRef = 43878CB22806F97600ED092C /* Fonts.swift */; };
		43878CB52806FC5100ED092C /* e_String.swift in Sources */ = {isa = PBXBuildFile; fileRef = 43878CB42806FC5100ED092C /* e_String.swift */; };
		43878CB8280704A800ED092C /* BellIndicatorView.swift in Sources */ = {isa = PBXBuildFile; fileRef = 43878CB7280704A800ED092C /* BellIndicatorView.swift */; };
		43878CBA280707B400ED092C /* UserAvatarView.swift in Sources */ = {isa = PBXBuildFile; fileRef = 43878CB9280707B400ED092C /* UserAvatarView.swift */; };
		43878CBC280718B900ED092C /* CoursesCollectionView.swift in Sources */ = {isa = PBXBuildFile; fileRef = 43878CBB280718B900ED092C /* CoursesCollectionView.swift */; };
		4389153E2805B5EA0070A2BD /* AppDelegate.swift in Sources */ = {isa = PBXBuildFile; fileRef = 4389153D2805B5EA0070A2BD /* AppDelegate.swift */; };
		438915472805B5EC0070A2BD /* Assets.xcassets in Resources */ = {isa = PBXBuildFile; fileRef = 438915462805B5EC0070A2BD /* Assets.xcassets */; };
		4389154A2805B5ED0070A2BD /* LaunchScreen.storyboard in Resources */ = {isa = PBXBuildFile; fileRef = 438915482805B5ED0070A2BD /* LaunchScreen.storyboard */; };
		438915532805BDCF0070A2BD /* MainTabBarController.swift in Sources */ = {isa = PBXBuildFile; fileRef = 438915522805BDCF0070A2BD /* MainTabBarController.swift */; };
		4389155C2805BF690070A2BD /* ExploreViewController.swift in Sources */ = {isa = PBXBuildFile; fileRef = 4389155B2805BF690070A2BD /* ExploreViewController.swift */; };
		4389155E2805BF850070A2BD /* HomeViewController.swift in Sources */ = {isa = PBXBuildFile; fileRef = 4389155D2805BF850070A2BD /* HomeViewController.swift */; };
		438915602805BF990070A2BD /* MessagesViewController.swift in Sources */ = {isa = PBXBuildFile; fileRef = 4389155F2805BF990070A2BD /* MessagesViewController.swift */; };
		438915622805BFA50070A2BD /* UserViewController.swift in Sources */ = {isa = PBXBuildFile; fileRef = 438915612805BFA50070A2BD /* UserViewController.swift */; };
		DA8D31BD28096739006E5B3F /* CourseDetailsViewController.swift in Sources */ = {isa = PBXBuildFile; fileRef = DA8D31BC28096739006E5B3F /* CourseDetailsViewController.swift */; };
		DA8D31BF2809682F006E5B3F /* ColoredLabelsView.swift in Sources */ = {isa = PBXBuildFile; fileRef = DA8D31BE2809682F006E5B3F /* ColoredLabelsView.swift */; };
		DA8D31C128096BBD006E5B3F /* LessonsTableView.swift in Sources */ = {isa = PBXBuildFile; fileRef = DA8D31C028096BBD006E5B3F /* LessonsTableView.swift */; };
		DA8D31C4280985AC006E5B3F /* LessonTableViewCell.swift in Sources */ = {isa = PBXBuildFile; fileRef = DA8D31C3280985AC006E5B3F /* LessonTableViewCell.swift */; };
		DA8D31C6280993F8006E5B3F /* LessonPlayView.swift in Sources */ = {isa = PBXBuildFile; fileRef = DA8D31C5280993F8006E5B3F /* LessonPlayView.swift */; };
		DA8D31C82809AAB9006E5B3F /* HomeRouter.swift in Sources */ = {isa = PBXBuildFile; fileRef = DA8D31C72809AAB9006E5B3F /* HomeRouter.swift */; };
		DA8D31CA2809AFEC006E5B3F /* FollowClassViewController.swift in Sources */ = {isa = PBXBuildFile; fileRef = DA8D31C92809AFEC006E5B3F /* FollowClassViewController.swift */; };
		DAC9D81928095096009929E9 /* e_UIColor.swift in Sources */ = {isa = PBXBuildFile; fileRef = DAC9D81828095096009929E9 /* e_UIColor.swift */; };
		DAC9D81B28095160009929E9 /* LessonViewModel.swift in Sources */ = {isa = PBXBuildFile; fileRef = DAC9D81A28095160009929E9 /* LessonViewModel.swift */; };
/* End PBXBuildFile section */

/* Begin PBXFileReference section */
		43635D332807FD7F00D633CA /* AuthorView.swift */ = {isa = PBXFileReference; lastKnownFileType = sourcecode.swift; path = AuthorView.swift; sourceTree = "<group>"; };
		43635D35280809F400D633CA /* GradientView.swift */ = {isa = PBXFileReference; lastKnownFileType = sourcecode.swift; path = GradientView.swift; sourceTree = "<group>"; };
		43635D372808106F00D633CA /* ColoredLabel.swift */ = {isa = PBXFileReference; lastKnownFileType = sourcecode.swift; path = ColoredLabel.swift; sourceTree = "<group>"; };
		43635D392808137000D633CA /* CourseInfoView.swift */ = {isa = PBXFileReference; lastKnownFileType = sourcecode.swift; path = CourseInfoView.swift; sourceTree = "<group>"; };
		43635D3B28081BAB00D633CA /* PaginationIndicatorView.swift */ = {isa = PBXFileReference; lastKnownFileType = sourcecode.swift; path = PaginationIndicatorView.swift; sourceTree = "<group>"; };
		43635D3D280842DA00D633CA /* HomePresenter.swift */ = {isa = PBXFileReference; lastKnownFileType = sourcecode.swift; path = HomePresenter.swift; sourceTree = "<group>"; };
		43635D402808432E00D633CA /* User.swift */ = {isa = PBXFileReference; lastKnownFileType = sourcecode.swift; path = User.swift; sourceTree = "<group>"; };
		43635D42280843C400D633CA /* CourseDetailsViewModel.swift */ = {isa = PBXFileReference; lastKnownFileType = sourcecode.swift; path = CourseDetailsViewModel.swift; sourceTree = "<group>"; };
		4363D3E2280FDFC600C702B0 /* SearchBar.swift */ = {isa = PBXFileReference; lastKnownFileType = sourcecode.swift; path = SearchBar.swift; sourceTree = "<group>"; };
		4363D3E4280FE07D00C702B0 /* ChatsTableView.swift */ = {isa = PBXFileReference; lastKnownFileType = sourcecode.swift; path = ChatsTableView.swift; sourceTree = "<group>"; };
		4363D3E6280FE0BD00C702B0 /* ChatTableViewCell.swift */ = {isa = PBXFileReference; lastKnownFileType = sourcecode.swift; path = ChatTableViewCell.swift; sourceTree = "<group>"; };
		4363D3E8280FE63600C702B0 /* MessagesInteractor.swift */ = {isa = PBXFileReference; lastKnownFileType = sourcecode.swift; path = MessagesInteractor.swift; sourceTree = "<group>"; };
		4363D3EA280FE6BE00C702B0 /* MessagesPresenter.swift */ = {isa = PBXFileReference; lastKnownFileType = sourcecode.swift; path = MessagesPresenter.swift; sourceTree = "<group>"; };
		4363D3EC280FE98200C702B0 /* Chat.swift */ = {isa = PBXFileReference; lastKnownFileType = sourcecode.swift; path = Chat.swift; sourceTree = "<group>"; };
		4363D3EE280FF29B00C702B0 /* MessagesConfigurator.swift */ = {isa = PBXFileReference; lastKnownFileType = sourcecode.swift; path = MessagesConfigurator.swift; sourceTree = "<group>"; };
		4363D3F0280FF2DF00C702B0 /* MessagesRouter.swift */ = {isa = PBXFileReference; lastKnownFileType = sourcecode.swift; path = MessagesRouter.swift; sourceTree = "<group>"; };
		4363D3F2281000F000C702B0 /* e_UITextField.swift */ = {isa = PBXFileReference; lastKnownFileType = sourcecode.swift; path = e_UITextField.swift; sourceTree = "<group>"; };
		4363D3FD2810244B00C702B0 /* AppTabBar.swift */ = {isa = PBXFileReference; lastKnownFileType = sourcecode.swift; path = AppTabBar.swift; sourceTree = "<group>"; };
		4363D3FF281024EC00C702B0 /* AppTabItem.swift */ = {isa = PBXFileReference; lastKnownFileType = sourcecode.swift; path = AppTabItem.swift; sourceTree = "<group>"; };
		4363D40128103E6B00C702B0 /* e_Date.swift */ = {isa = PBXFileReference; lastKnownFileType = sourcecode.swift; path = e_Date.swift; sourceTree = "<group>"; };
		43657AED280E8BE3005DB313 /* e_UILabel.swift */ = {isa = PBXFileReference; lastKnownFileType = sourcecode.swift; path = e_UILabel.swift; sourceTree = "<group>"; };
		43657AEF280E9261005DB313 /* CoursePlayButton.swift */ = {isa = PBXFileReference; lastKnownFileType = sourcecode.swift; path = CoursePlayButton.swift; sourceTree = "<group>"; };
		43657AF1280E930D005DB313 /* CoursePreview.swift */ = {isa = PBXFileReference; lastKnownFileType = sourcecode.swift; path = CoursePreview.swift; sourceTree = "<group>"; };
		43657AF5280EA193005DB313 /* CalendarButton.swift */ = {isa = PBXFileReference; lastKnownFileType = sourcecode.swift; path = CalendarButton.swift; sourceTree = "<group>"; };
		43657AF7280EA4B0005DB313 /* ScheduleCollectionView.swift */ = {isa = PBXFileReference; lastKnownFileType = sourcecode.swift; path = ScheduleCollectionView.swift; sourceTree = "<group>"; };
		43657AF9280EA566005DB313 /* ScheduleCollectionViewCell.swift */ = {isa = PBXFileReference; lastKnownFileType = sourcecode.swift; path = ScheduleCollectionViewCell.swift; sourceTree = "<group>"; };
		43657AFB280EA7F5005DB313 /* FormUnitView.swift */ = {isa = PBXFileReference; lastKnownFileType = sourcecode.swift; path = FormUnitView.swift; sourceTree = "<group>"; };
		43657AFD280EAA0B005DB313 /* ScheduleViewModel.swift */ = {isa = PBXFileReference; lastKnownFileType = sourcecode.swift; path = ScheduleViewModel.swift; sourceTree = "<group>"; };
		43657AFF280EAD8A005DB313 /* ScheduleView.swift */ = {isa = PBXFileReference; lastKnownFileType = sourcecode.swift; path = ScheduleView.swift; sourceTree = "<group>"; };
		43657B01280EBD22005DB313 /* p_KeyboardHandler.swift */ = {isa = PBXFileReference; lastKnownFileType = sourcecode.swift; path = p_KeyboardHandler.swift; sourceTree = "<group>"; };
		43657B03280ED4AF005DB313 /* ScheduleStatusView.swift */ = {isa = PBXFileReference; lastKnownFileType = sourcecode.swift; path = ScheduleStatusView.swift; sourceTree = "<group>"; };
		43657B05280ED9E9005DB313 /* e_UIViewController.swift */ = {isa = PBXFileReference; lastKnownFileType = sourcecode.swift; path = e_UIViewController.swift; sourceTree = "<group>"; };
		43657B07280EE30E005DB313 /* ModalPresentationController.swift */ = {isa = PBXFileReference; lastKnownFileType = sourcecode.swift; path = ModalPresentationController.swift; sourceTree = "<group>"; };
		43657B0A280EE7A5005DB313 /* PresentAnimation.swift */ = {isa = PBXFileReference; lastKnownFileType = sourcecode.swift; path = PresentAnimation.swift; sourceTree = "<group>"; };
		43657B0C280EE7EC005DB313 /* DismissAnimation.swift */ = {isa = PBXFileReference; lastKnownFileType = sourcecode.swift; path = DismissAnimation.swift; sourceTree = "<group>"; };
		43657B0E280EEA34005DB313 /* TransitionDriver.swift */ = {isa = PBXFileReference; lastKnownFileType = sourcecode.swift; path = TransitionDriver.swift; sourceTree = "<group>"; };
		43657B10280EEB4B005DB313 /* CGPoint+Velocity.swift */ = {isa = PBXFileReference; lastKnownFileType = sourcecode.swift; path = "CGPoint+Velocity.swift"; sourceTree = "<group>"; };
		43657B13280F05F1005DB313 /* ChatViewModel.swift */ = {isa = PBXFileReference; lastKnownFileType = sourcecode.swift; path = ChatViewModel.swift; sourceTree = "<group>"; };
		4381CBC3280D4AEC005E1388 /* DataStore.swift */ = {isa = PBXFileReference; lastKnownFileType = sourcecode.swift; path = DataStore.swift; sourceTree = "<group>"; };
		4381CBC5280D4B5A005E1388 /* Course.swift */ = {isa = PBXFileReference; lastKnownFileType = sourcecode.swift; path = Course.swift; sourceTree = "<group>"; };
		4381CBC7280D4C19005E1388 /* Streamer.swift */ = {isa = PBXFileReference; lastKnownFileType = sourcecode.swift; path = Streamer.swift; sourceTree = "<group>"; };
		4381CBC9280D4D36005E1388 /* Message.swift */ = {isa = PBXFileReference; lastKnownFileType = sourcecode.swift; path = Message.swift; sourceTree = "<group>"; };
		4381CBCB280D4D7C005E1388 /* Person.swift */ = {isa = PBXFileReference; lastKnownFileType = sourcecode.swift; path = Person.swift; sourceTree = "<group>"; };
		4381CBCD280D534B005E1388 /* Lesson.swift */ = {isa = PBXFileReference; lastKnownFileType = sourcecode.swift; path = Lesson.swift; sourceTree = "<group>"; };
		4381CBD0280D57EE005E1388 /* HomeConfigurator.swift */ = {isa = PBXFileReference; lastKnownFileType = sourcecode.swift; path = HomeConfigurator.swift; sourceTree = "<group>"; };
		4381CBD2280D683C005E1388 /* CourseDetailsInteractor.swift */ = {isa = PBXFileReference; lastKnownFileType = sourcecode.swift; path = CourseDetailsInteractor.swift; sourceTree = "<group>"; };
		4381CBD4280D6B9C005E1388 /* CourseDetailsPresenter.swift */ = {isa = PBXFileReference; lastKnownFileType = sourcecode.swift; path = CourseDetailsPresenter.swift; sourceTree = "<group>"; };
		4381CBD6280D6D13005E1388 /* CourseDetailsConfigurator.swift */ = {isa = PBXFileReference; lastKnownFileType = sourcecode.swift; path = CourseDetailsConfigurator.swift; sourceTree = "<group>"; };
		4381CBD8280D6D81005E1388 /* CourseDetailsRouter.swift */ = {isa = PBXFileReference; lastKnownFileType = sourcecode.swift; path = CourseDetailsRouter.swift; sourceTree = "<group>"; };
		4381CBDA280D7E38005E1388 /* FollowButton.swift */ = {isa = PBXFileReference; lastKnownFileType = sourcecode.swift; path = FollowButton.swift; sourceTree = "<group>"; };
		43878C882806A2DE00ED092C /* StreamingCollectionViewCell.swift */ = {isa = PBXFileReference; lastKnownFileType = sourcecode.swift; path = StreamingCollectionViewCell.swift; sourceTree = "<group>"; };
		43878C8A2806A2F900ED092C /* StreamingView.swift */ = {isa = PBXFileReference; lastKnownFileType = sourcecode.swift; path = StreamingView.swift; sourceTree = "<group>"; };
		43878C8C2806A30B00ED092C /* UserView.swift */ = {isa = PBXFileReference; lastKnownFileType = sourcecode.swift; path = UserView.swift; sourceTree = "<group>"; };
		43878C8E2806A34200ED092C /* CourseCollectionViewCell.swift */ = {isa = PBXFileReference; lastKnownFileType = sourcecode.swift; path = CourseCollectionViewCell.swift; sourceTree = "<group>"; };
		43878C902806A35A00ED092C /* CoursesView.swift */ = {isa = PBXFileReference; lastKnownFileType = sourcecode.swift; path = CoursesView.swift; sourceTree = "<group>"; };
		43878C922806A38200ED092C /* CoursesFilterView.swift */ = {isa = PBXFileReference; lastKnownFileType = sourcecode.swift; path = CoursesFilterView.swift; sourceTree = "<group>"; };
		43878C942806A3A100ED092C /* FilterCollectionViewCell.swift */ = {isa = PBXFileReference; lastKnownFileType = sourcecode.swift; path = FilterCollectionViewCell.swift; sourceTree = "<group>"; };
		43878C962806C4D400ED092C /* e_UIView.swift */ = {isa = PBXFileReference; lastKnownFileType = sourcecode.swift; path = e_UIView.swift; sourceTree = "<group>"; };
		43878C9B2806D2E900ED092C /* StreamerViewModel.swift */ = {isa = PBXFileReference; lastKnownFileType = sourcecode.swift; path = StreamerViewModel.swift; sourceTree = "<group>"; };
		43878CA12806D43D00ED092C /* HomeInteractor.swift */ = {isa = PBXFileReference; lastKnownFileType = sourcecode.swift; path = HomeInteractor.swift; sourceTree = "<group>"; };
		43878CA32806EEDE00ED092C /* UserViewModel.swift */ = {isa = PBXFileReference; lastKnownFileType = sourcecode.swift; path = UserViewModel.swift; sourceTree = "<group>"; };
		43878CA52806F01E00ED092C /* CourseViewModel.swift */ = {isa = PBXFileReference; lastKnownFileType = sourcecode.swift; path = CourseViewModel.swift; sourceTree = "<group>"; };
		43878CA82806F84500ED092C /* Poppins-Bold.ttf */ = {isa = PBXFileReference; lastKnownFileType = file; path = "Poppins-Bold.ttf"; sourceTree = "<group>"; };
		43878CAA2806F85200ED092C /* Poppins-SemiBold.ttf */ = {isa = PBXFileReference; lastKnownFileType = file; path = "Poppins-SemiBold.ttf"; sourceTree = "<group>"; };
		43878CAC2806F85E00ED092C /* Poppins-Regular.ttf */ = {isa = PBXFileReference; lastKnownFileType = file; path = "Poppins-Regular.ttf"; sourceTree = "<group>"; };
		43878CAE2806F88F00ED092C /* Poppins-Medium.ttf */ = {isa = PBXFileReference; lastKnownFileType = file; path = "Poppins-Medium.ttf"; sourceTree = "<group>"; };
		43878CB22806F97600ED092C /* Fonts.swift */ = {isa = PBXFileReference; lastKnownFileType = sourcecode.swift; path = Fonts.swift; sourceTree = "<group>"; };
		43878CB42806FC5100ED092C /* e_String.swift */ = {isa = PBXFileReference; lastKnownFileType = sourcecode.swift; path = e_String.swift; sourceTree = "<group>"; };
		43878CB7280704A800ED092C /* BellIndicatorView.swift */ = {isa = PBXFileReference; lastKnownFileType = sourcecode.swift; path = BellIndicatorView.swift; sourceTree = "<group>"; };
		43878CB9280707B400ED092C /* UserAvatarView.swift */ = {isa = PBXFileReference; lastKnownFileType = sourcecode.swift; path = UserAvatarView.swift; sourceTree = "<group>"; };
		43878CBB280718B900ED092C /* CoursesCollectionView.swift */ = {isa = PBXFileReference; lastKnownFileType = sourcecode.swift; path = CoursesCollectionView.swift; sourceTree = "<group>"; };
		4389153A2805B5EA0070A2BD /* LearningApp.app */ = {isa = PBXFileReference; explicitFileType = wrapper.application; includeInIndex = 0; path = LearningApp.app; sourceTree = BUILT_PRODUCTS_DIR; };
		4389153D2805B5EA0070A2BD /* AppDelegate.swift */ = {isa = PBXFileReference; lastKnownFileType = sourcecode.swift; path = AppDelegate.swift; sourceTree = "<group>"; };
		438915462805B5EC0070A2BD /* Assets.xcassets */ = {isa = PBXFileReference; lastKnownFileType = folder.assetcatalog; path = Assets.xcassets; sourceTree = "<group>"; };
		438915492805B5ED0070A2BD /* Base */ = {isa = PBXFileReference; lastKnownFileType = file.storyboard; name = Base; path = Base.lproj/LaunchScreen.storyboard; sourceTree = "<group>"; };
		4389154B2805B5ED0070A2BD /* Info.plist */ = {isa = PBXFileReference; lastKnownFileType = text.plist.xml; path = Info.plist; sourceTree = "<group>"; };
		438915522805BDCF0070A2BD /* MainTabBarController.swift */ = {isa = PBXFileReference; lastKnownFileType = sourcecode.swift; path = MainTabBarController.swift; sourceTree = "<group>"; };
		4389155B2805BF690070A2BD /* ExploreViewController.swift */ = {isa = PBXFileReference; lastKnownFileType = sourcecode.swift; path = ExploreViewController.swift; sourceTree = "<group>"; };
		4389155D2805BF850070A2BD /* HomeViewController.swift */ = {isa = PBXFileReference; lastKnownFileType = sourcecode.swift; path = HomeViewController.swift; sourceTree = "<group>"; };
		4389155F2805BF990070A2BD /* MessagesViewController.swift */ = {isa = PBXFileReference; lastKnownFileType = sourcecode.swift; path = MessagesViewController.swift; sourceTree = "<group>"; };
		438915612805BFA50070A2BD /* UserViewController.swift */ = {isa = PBXFileReference; lastKnownFileType = sourcecode.swift; path = UserViewController.swift; sourceTree = "<group>"; };
		DA8D31BC28096739006E5B3F /* CourseDetailsViewController.swift */ = {isa = PBXFileReference; lastKnownFileType = sourcecode.swift; name = CourseDetailsViewController.swift; path = LearningApp/ViewModel/CourseDetailsViewController.swift; sourceTree = SOURCE_ROOT; };
		DA8D31BE2809682F006E5B3F /* ColoredLabelsView.swift */ = {isa = PBXFileReference; lastKnownFileType = sourcecode.swift; path = ColoredLabelsView.swift; sourceTree = "<group>"; };
		DA8D31C028096BBD006E5B3F /* LessonsTableView.swift */ = {isa = PBXFileReference; lastKnownFileType = sourcecode.swift; name = LessonsTableView.swift; path = LearningApp/View/Home/CourseDetails/Subviews/LessonsTableView.swift; sourceTree = SOURCE_ROOT; };
		DA8D31C3280985AC006E5B3F /* LessonTableViewCell.swift */ = {isa = PBXFileReference; lastKnownFileType = sourcecode.swift; path = LessonTableViewCell.swift; sourceTree = "<group>"; };
		DA8D31C5280993F8006E5B3F /* LessonPlayView.swift */ = {isa = PBXFileReference; lastKnownFileType = sourcecode.swift; path = LessonPlayView.swift; sourceTree = "<group>"; };
		DA8D31C72809AAB9006E5B3F /* HomeRouter.swift */ = {isa = PBXFileReference; lastKnownFileType = sourcecode.swift; name = HomeRouter.swift; path = LearningApp/View/Home/CourseDetails/Subviews/HomeRouter.swift; sourceTree = SOURCE_ROOT; };
		DA8D31C92809AFEC006E5B3F /* FollowClassViewController.swift */ = {isa = PBXFileReference; lastKnownFileType = sourcecode.swift; name = FollowClassViewController.swift; path = LearningApp/View/Home/FollowClassViewController/FollowClassViewController.swift; sourceTree = SOURCE_ROOT; };
		DAC9D81828095096009929E9 /* e_UIColor.swift */ = {isa = PBXFileReference; lastKnownFileType = sourcecode.swift; path = e_UIColor.swift; sourceTree = "<group>"; };
		DAC9D81A28095160009929E9 /* LessonViewModel.swift */ = {isa = PBXFileReference; lastKnownFileType = sourcecode.swift; path = LessonViewModel.swift; sourceTree = "<group>"; };
/* End PBXFileReference section */

/* Begin PBXFrameworksBuildPhase section */
		438915372805B5EA0070A2BD /* Frameworks */ = {
			isa = PBXFrameworksBuildPhase;
			buildActionMask = 2147483647;
			files = (
			);
			runOnlyForDeploymentPostprocessing = 0;
		};
/* End PBXFrameworksBuildPhase section */

/* Begin PBXGroup section */
		43635D3F2808432000D633CA /* Entity */ = {
			isa = PBXGroup;
			children = (
				43635D402808432E00D633CA /* User.swift */,
				4381CBC5280D4B5A005E1388 /* Course.swift */,
				4381CBCD280D534B005E1388 /* Lesson.swift */,
				4381CBCB280D4D7C005E1388 /* Person.swift */,
				4381CBC7280D4C19005E1388 /* Streamer.swift */,
				4381CBC9280D4D36005E1388 /* Message.swift */,
				4363D3EC280FE98200C702B0 /* Chat.swift */,
			);
			path = Entity;
			sourceTree = "<group>";
		};
		43635D462808485F00D633CA /* Router */ = {
			isa = PBXGroup;
			children = (
				DA8D31C72809AAB9006E5B3F /* HomeRouter.swift */,
				4381CBD8280D6D81005E1388 /* CourseDetailsRouter.swift */,
				4363D3F0280FF2DF00C702B0 /* MessagesRouter.swift */,
			);
			path = Router;
			sourceTree = "<group>";
		};
		4363D3FA28100F0900C702B0 /* TabBar Controller */ = {
			isa = PBXGroup;
			children = (
				438915522805BDCF0070A2BD /* MainTabBarController.swift */,
				4363D3FD2810244B00C702B0 /* AppTabBar.swift */,
				4363D3FF281024EC00C702B0 /* AppTabItem.swift */,
			);
			path = "TabBar Controller";
			sourceTree = "<group>";
		};
		43657B09280EE54E005DB313 /* Modal */ = {
			isa = PBXGroup;
			children = (
				43657B07280EE30E005DB313 /* ModalPresentationController.swift */,
				43657B0E280EEA34005DB313 /* TransitionDriver.swift */,
				43657B0A280EE7A5005DB313 /* PresentAnimation.swift */,
				43657B0C280EE7EC005DB313 /* DismissAnimation.swift */,
				43657B10280EEB4B005DB313 /* CGPoint+Velocity.swift */,
			);
			path = Modal;
			sourceTree = "<group>";
		};
		43657B12280F02EA005DB313 /* Subviews */ = {
			isa = PBXGroup;
			children = (
				4363D3E2280FDFC600C702B0 /* SearchBar.swift */,
				4363D3E4280FE07D00C702B0 /* ChatsTableView.swift */,
				4363D3E6280FE0BD00C702B0 /* ChatTableViewCell.swift */,
			);
			path = Subviews;
			sourceTree = "<group>";
		};
		4381CBCF280D57DD005E1388 /* Configurator */ = {
			isa = PBXGroup;
			children = (
				4381CBD0280D57EE005E1388 /* HomeConfigurator.swift */,
				4381CBD6280D6D13005E1388 /* CourseDetailsConfigurator.swift */,
				4363D3EE280FF29B00C702B0 /* MessagesConfigurator.swift */,
			);
			path = Configurator;
			sourceTree = "<group>";
		};
		4381CBDC280D8440005E1388 /* HomeViewController */ = {
			isa = PBXGroup;
			children = (
				438915552805BE980070A2BD /* Subviews */,
				4389155D2805BF850070A2BD /* HomeViewController.swift */,
			);
			path = HomeViewController;
			sourceTree = "<group>";
		};
		4381CBDD280D845E005E1388 /* FollowClassViewController */ = {
			isa = PBXGroup;
			children = (
				4381CBDE280DB35D005E1388 /* Subviews */,
				DA8D31C92809AFEC006E5B3F /* FollowClassViewController.swift */,
			);
			path = FollowClassViewController;
			sourceTree = "<group>";
		};
		4381CBDE280DB35D005E1388 /* Subviews */ = {
			isa = PBXGroup;
			children = (
				43657AFF280EAD8A005DB313 /* ScheduleView.swift */,
				43657AF5280EA193005DB313 /* CalendarButton.swift */,
				43657AF7280EA4B0005DB313 /* ScheduleCollectionView.swift */,
				43657AF9280EA566005DB313 /* ScheduleCollectionViewCell.swift */,
				43657AFB280EA7F5005DB313 /* FormUnitView.swift */,
				43657B03280ED4AF005DB313 /* ScheduleStatusView.swift */,
			);
			path = Subviews;
			sourceTree = "<group>";
		};
		43878C9A2806D2B900ED092C /* ViewModel */ = {
			isa = PBXGroup;
			children = (
				43878CA32806EEDE00ED092C /* UserViewModel.swift */,
				43878C9B2806D2E900ED092C /* StreamerViewModel.swift */,
				43878CA52806F01E00ED092C /* CourseViewModel.swift */,
				43635D42280843C400D633CA /* CourseDetailsViewModel.swift */,
				DAC9D81A28095160009929E9 /* LessonViewModel.swift */,
				43657AFD280EAA0B005DB313 /* ScheduleViewModel.swift */,
				43657B13280F05F1005DB313 /* ChatViewModel.swift */,
			);
			path = ViewModel;
			sourceTree = "<group>";
		};
		43878C9D2806D32B00ED092C /* Interactor */ = {
			isa = PBXGroup;
			children = (
				43878CA12806D43D00ED092C /* HomeInteractor.swift */,
				4381CBD2280D683C005E1388 /* CourseDetailsInteractor.swift */,
				4363D3E8280FE63600C702B0 /* MessagesInteractor.swift */,
			);
			path = Interactor;
			sourceTree = "<group>";
		};
		43878C9F2806D34A00ED092C /* Presenter */ = {
			isa = PBXGroup;
			children = (
				43635D3D280842DA00D633CA /* HomePresenter.swift */,
				4381CBD4280D6B9C005E1388 /* CourseDetailsPresenter.swift */,
				4363D3EA280FE6BE00C702B0 /* MessagesPresenter.swift */,
			);
			path = Presenter;
			sourceTree = "<group>";
		};
		43878CA02806D35900ED092C /* Repository */ = {
			isa = PBXGroup;
			children = (
				4381CBC3280D4AEC005E1388 /* DataStore.swift */,
			);
			path = Repository;
			sourceTree = "<group>";
		};
		43878CA72806F81000ED092C /* Fonts */ = {
			isa = PBXGroup;
			children = (
				43878CB22806F97600ED092C /* Fonts.swift */,
				43878CA82806F84500ED092C /* Poppins-Bold.ttf */,
				43878CAA2806F85200ED092C /* Poppins-SemiBold.ttf */,
				43878CAC2806F85E00ED092C /* Poppins-Regular.ttf */,
				43878CAE2806F88F00ED092C /* Poppins-Medium.ttf */,
			);
			path = Fonts;
			sourceTree = "<group>";
		};
		43878CB62807047900ED092C /* Common views */ = {
			isa = PBXGroup;
			children = (
				43878CB7280704A800ED092C /* BellIndicatorView.swift */,
				43878CB9280707B400ED092C /* UserAvatarView.swift */,
				43635D372808106F00D633CA /* ColoredLabel.swift */,
				DA8D31BE2809682F006E5B3F /* ColoredLabelsView.swift */,
			);
			path = "Common views";
			sourceTree = "<group>";
		};
		438915312805B5E90070A2BD = {
			isa = PBXGroup;
			children = (
				4389153C2805B5EA0070A2BD /* LearningApp */,
				4389153B2805B5EA0070A2BD /* Products */,
			);
			sourceTree = "<group>";
		};
		4389153B2805B5EA0070A2BD /* Products */ = {
			isa = PBXGroup;
			children = (
				4389153A2805B5EA0070A2BD /* LearningApp.app */,
			);
			name = Products;
			sourceTree = "<group>";
		};
		4389153C2805B5EA0070A2BD /* LearningApp */ = {
			isa = PBXGroup;
			children = (
				4389153D2805B5EA0070A2BD /* AppDelegate.swift */,
				43657B01280EBD22005DB313 /* p_KeyboardHandler.swift */,
				4381CBCF280D57DD005E1388 /* Configurator */,
				438915512805B8820070A2BD /* View */,
				43878C9D2806D32B00ED092C /* Interactor */,
				43878C9F2806D34A00ED092C /* Presenter */,
				43635D462808485F00D633CA /* Router */,
				43878CA02806D35900ED092C /* Repository */,
				43635D3F2808432000D633CA /* Entity */,
				43878C9A2806D2B900ED092C /* ViewModel */,
				438915632805C8A00070A2BD /* Extensions */,
				43657B09280EE54E005DB313 /* Modal */,
				438915462805B5EC0070A2BD /* Assets.xcassets */,
				43878CA72806F81000ED092C /* Fonts */,
				438915482805B5ED0070A2BD /* LaunchScreen.storyboard */,
				4389154B2805B5ED0070A2BD /* Info.plist */,
			);
			path = LearningApp;
			sourceTree = "<group>";
		};
		438915512805B8820070A2BD /* View */ = {
			isa = PBXGroup;
			children = (
				43878CB62807047900ED092C /* Common views */,
				4363D3FA28100F0900C702B0 /* TabBar Controller */,
				438915542805BE000070A2BD /* Home */,
				438915592805BF3F0070A2BD /* Explore */,
				438915582805BF140070A2BD /* Messages */,
				4389155A2805BF4C0070A2BD /* User */,
			);
			path = View;
			sourceTree = "<group>";
		};
		438915542805BE000070A2BD /* Home */ = {
			isa = PBXGroup;
			children = (
				4381CBDC280D8440005E1388 /* HomeViewController */,
				438915562805BEA40070A2BD /* CourseDetails */,
				4381CBDD280D845E005E1388 /* FollowClassViewController */,
			);
			path = Home;
			sourceTree = "<group>";
		};
		438915552805BE980070A2BD /* Subviews */ = {
			isa = PBXGroup;
			children = (
				43878C8C2806A30B00ED092C /* UserView.swift */,
				43878C8A2806A2F900ED092C /* StreamingView.swift */,
				43878C882806A2DE00ED092C /* StreamingCollectionViewCell.swift */,
				43878C902806A35A00ED092C /* CoursesView.swift */,
				43878C922806A38200ED092C /* CoursesFilterView.swift */,
				43878C942806A3A100ED092C /* FilterCollectionViewCell.swift */,
				43878CBB280718B900ED092C /* CoursesCollectionView.swift */,
				43878C8E2806A34200ED092C /* CourseCollectionViewCell.swift */,
				43635D392808137000D633CA /* CourseInfoView.swift */,
				43635D332807FD7F00D633CA /* AuthorView.swift */,
				43635D35280809F400D633CA /* GradientView.swift */,
				43635D3B28081BAB00D633CA /* PaginationIndicatorView.swift */,
			);
			path = Subviews;
			sourceTree = "<group>";
		};
		438915562805BEA40070A2BD /* CourseDetails */ = {
			isa = PBXGroup;
			children = (
				DA8D31C228096C5A006E5B3F /* Subviews */,
				DA8D31BC28096739006E5B3F /* CourseDetailsViewController.swift */,
			);
			path = CourseDetails;
			sourceTree = "<group>";
		};
		438915582805BF140070A2BD /* Messages */ = {
			isa = PBXGroup;
			children = (
				43657B12280F02EA005DB313 /* Subviews */,
				4389155F2805BF990070A2BD /* MessagesViewController.swift */,
			);
			path = Messages;
			sourceTree = "<group>";
		};
		438915592805BF3F0070A2BD /* Explore */ = {
			isa = PBXGroup;
			children = (
				4389155B2805BF690070A2BD /* ExploreViewController.swift */,
			);
			path = Explore;
			sourceTree = "<group>";
		};
		4389155A2805BF4C0070A2BD /* User */ = {
			isa = PBXGroup;
			children = (
				438915612805BFA50070A2BD /* UserViewController.swift */,
			);
			path = User;
			sourceTree = "<group>";
		};
		438915632805C8A00070A2BD /* Extensions */ = {
			isa = PBXGroup;
			children = (
				43878CB42806FC5100ED092C /* e_String.swift */,
				4363D40128103E6B00C702B0 /* e_Date.swift */,
				DAC9D81828095096009929E9 /* e_UIColor.swift */,
				43657B05280ED9E9005DB313 /* e_UIViewController.swift */,
				43878C962806C4D400ED092C /* e_UIView.swift */,
				43657AED280E8BE3005DB313 /* e_UILabel.swift */,
				4363D3F2281000F000C702B0 /* e_UITextField.swift */,
			);
			path = Extensions;
			sourceTree = "<group>";
		};
		DA8D31C228096C5A006E5B3F /* Subviews */ = {
			isa = PBXGroup;
			children = (
				43657AF1280E930D005DB313 /* CoursePreview.swift */,
				43657AEF280E9261005DB313 /* CoursePlayButton.swift */,
				DA8D31C028096BBD006E5B3F /* LessonsTableView.swift */,
				DA8D31C3280985AC006E5B3F /* LessonTableViewCell.swift */,
				DA8D31C5280993F8006E5B3F /* LessonPlayView.swift */,
				4381CBDA280D7E38005E1388 /* FollowButton.swift */,
			);
			path = Subviews;
			sourceTree = "<group>";
		};
/* End PBXGroup section */

/* Begin PBXNativeTarget section */
		438915392805B5EA0070A2BD /* LearningApp */ = {
			isa = PBXNativeTarget;
			buildConfigurationList = 4389154E2805B5ED0070A2BD /* Build configuration list for PBXNativeTarget "LearningApp" */;
			buildPhases = (
				438915362805B5EA0070A2BD /* Sources */,
				438915372805B5EA0070A2BD /* Frameworks */,
				438915382805B5EA0070A2BD /* Resources */,
			);
			buildRules = (
			);
			dependencies = (
			);
			name = LearningApp;
			productName = LearningApp;
			productReference = 4389153A2805B5EA0070A2BD /* LearningApp.app */;
			productType = "com.apple.product-type.application";
		};
/* End PBXNativeTarget section */

/* Begin PBXProject section */
		438915322805B5E90070A2BD /* Project object */ = {
			isa = PBXProject;
			attributes = {
				BuildIndependentTargetsInParallel = 1;
				LastSwiftUpdateCheck = 1330;
				LastUpgradeCheck = 1330;
				TargetAttributes = {
					438915392805B5EA0070A2BD = {
						CreatedOnToolsVersion = 13.3;
					};
				};
			};
			buildConfigurationList = 438915352805B5E90070A2BD /* Build configuration list for PBXProject "LearningApp" */;
			compatibilityVersion = "Xcode 13.0";
			developmentRegion = en;
			hasScannedForEncodings = 0;
			knownRegions = (
				en,
				Base,
			);
			mainGroup = 438915312805B5E90070A2BD;
			productRefGroup = 4389153B2805B5EA0070A2BD /* Products */;
			projectDirPath = "";
			projectRoot = "";
			targets = (
				438915392805B5EA0070A2BD /* LearningApp */,
			);
		};
/* End PBXProject section */

/* Begin PBXResourcesBuildPhase section */
		438915382805B5EA0070A2BD /* Resources */ = {
			isa = PBXResourcesBuildPhase;
			buildActionMask = 2147483647;
			files = (
				4389154A2805B5ED0070A2BD /* LaunchScreen.storyboard in Resources */,
				43878CAB2806F85200ED092C /* Poppins-SemiBold.ttf in Resources */,
				43878CA92806F84500ED092C /* Poppins-Bold.ttf in Resources */,
				43878CAF2806F88F00ED092C /* Poppins-Medium.ttf in Resources */,
				438915472805B5EC0070A2BD /* Assets.xcassets in Resources */,
				43878CAD2806F85E00ED092C /* Poppins-Regular.ttf in Resources */,
			);
			runOnlyForDeploymentPostprocessing = 0;
		};
/* End PBXResourcesBuildPhase section */

/* Begin PBXSourcesBuildPhase section */
		438915362805B5EA0070A2BD /* Sources */ = {
			isa = PBXSourcesBuildPhase;
			buildActionMask = 2147483647;
			files = (
				43878CB52806FC5100ED092C /* e_String.swift in Sources */,
				438915622805BFA50070A2BD /* UserViewController.swift in Sources */,
				43657B02280EBD22005DB313 /* p_KeyboardHandler.swift in Sources */,
				43878C9C2806D2E900ED092C /* StreamerViewModel.swift in Sources */,
				43657AF2280E930D005DB313 /* CoursePreview.swift in Sources */,
				43657B00280EAD8A005DB313 /* ScheduleView.swift in Sources */,
				DAC9D81928095096009929E9 /* e_UIColor.swift in Sources */,
				4363D3FE2810244B00C702B0 /* AppTabBar.swift in Sources */,
				4363D40228103E6B00C702B0 /* e_Date.swift in Sources */,
				43635D3E280842DA00D633CA /* HomePresenter.swift in Sources */,
				4381CBCE280D534B005E1388 /* Lesson.swift in Sources */,
				43635D412808432E00D633CA /* User.swift in Sources */,
				43657B0B280EE7A5005DB313 /* PresentAnimation.swift in Sources */,
				438915602805BF990070A2BD /* MessagesViewController.swift in Sources */,
				DA8D31C4280985AC006E5B3F /* LessonTableViewCell.swift in Sources */,
				43878C8B2806A2F900ED092C /* StreamingView.swift in Sources */,
				43657B0D280EE7EC005DB313 /* DismissAnimation.swift in Sources */,
				4381CBD3280D683C005E1388 /* CourseDetailsInteractor.swift in Sources */,
				DA8D31C128096BBD006E5B3F /* LessonsTableView.swift in Sources */,
				4363D400281024EC00C702B0 /* AppTabItem.swift in Sources */,
				4381CBC8280D4C19005E1388 /* Streamer.swift in Sources */,
				43635D382808106F00D633CA /* ColoredLabel.swift in Sources */,
				43657B04280ED4AF005DB313 /* ScheduleStatusView.swift in Sources */,
				4363D3EB280FE6BE00C702B0 /* MessagesPresenter.swift in Sources */,
				4363D3ED280FE98200C702B0 /* Chat.swift in Sources */,
				4381CBD5280D6B9C005E1388 /* CourseDetailsPresenter.swift in Sources */,
				43878C892806A2DE00ED092C /* StreamingCollectionViewCell.swift in Sources */,
				43657B14280F05F1005DB313 /* ChatViewModel.swift in Sources */,
				4363D3E7280FE0BD00C702B0 /* ChatTableViewCell.swift in Sources */,
				43657B06280ED9E9005DB313 /* e_UIViewController.swift in Sources */,
				43878C8F2806A34200ED092C /* CourseCollectionViewCell.swift in Sources */,
				4389155E2805BF850070A2BD /* HomeViewController.swift in Sources */,
				4381CBCC280D4D7C005E1388 /* Person.swift in Sources */,
				43635D36280809F400D633CA /* GradientView.swift in Sources */,
				4381CBC4280D4AEC005E1388 /* DataStore.swift in Sources */,
				4381CBCA280D4D36005E1388 /* Message.swift in Sources */,
				43657B11280EEB4B005DB313 /* CGPoint+Velocity.swift in Sources */,
				43657AFC280EA7F5005DB313 /* FormUnitView.swift in Sources */,
				43878CB32806F97600ED092C /* Fonts.swift in Sources */,
				43657AFA280EA566005DB313 /* ScheduleCollectionViewCell.swift in Sources */,
				4363D3EF280FF29B00C702B0 /* MessagesConfigurator.swift in Sources */,
				43657B0F280EEA34005DB313 /* TransitionDriver.swift in Sources */,
				DAC9D81B28095160009929E9 /* LessonViewModel.swift in Sources */,
				43657B08280EE30E005DB313 /* ModalPresentationController.swift in Sources */,
				4381CBDB280D7E38005E1388 /* FollowButton.swift in Sources */,
				43657AF8280EA4B0005DB313 /* ScheduleCollectionView.swift in Sources */,
				DA8D31CA2809AFEC006E5B3F /* FollowClassViewController.swift in Sources */,
				43657AF0280E9261005DB313 /* CoursePlayButton.swift in Sources */,
				43878C972806C4D400ED092C /* e_UIView.swift in Sources */,
				43878C952806A3A100ED092C /* FilterCollectionViewCell.swift in Sources */,
				43878CBC280718B900ED092C /* CoursesCollectionView.swift in Sources */,
				4381CBD9280D6D81005E1388 /* CourseDetailsRouter.swift in Sources */,
				4389155C2805BF690070A2BD /* ExploreViewController.swift in Sources */,
				4381CBD1280D57EE005E1388 /* HomeConfigurator.swift in Sources */,
				4381CBD7280D6D13005E1388 /* CourseDetailsConfigurator.swift in Sources */,
				4363D3F1280FF2DF00C702B0 /* MessagesRouter.swift in Sources */,
				DA8D31BF2809682F006E5B3F /* ColoredLabelsView.swift in Sources */,
				43635D3C28081BAB00D633CA /* PaginationIndicatorView.swift in Sources */,
				43878C8D2806A30B00ED092C /* UserView.swift in Sources */,
				43878C932806A38200ED092C /* CoursesFilterView.swift in Sources */,
				43635D43280843C400D633CA /* CourseDetailsViewModel.swift in Sources */,
				43657AFE280EAA0B005DB313 /* ScheduleViewModel.swift in Sources */,
				43635D342807FD7F00D633CA /* AuthorView.swift in Sources */,
				DA8D31C6280993F8006E5B3F /* LessonPlayView.swift in Sources */,
				DA8D31C82809AAB9006E5B3F /* HomeRouter.swift in Sources */,
				43878CBA280707B400ED092C /* UserAvatarView.swift in Sources */,
				43878CB8280704A800ED092C /* BellIndicatorView.swift in Sources */,
				43657AF6280EA193005DB313 /* CalendarButton.swift in Sources */,
				4389153E2805B5EA0070A2BD /* AppDelegate.swift in Sources */,
				4363D3E5280FE07D00C702B0 /* ChatsTableView.swift in Sources */,
				43878CA22806D43D00ED092C /* HomeInteractor.swift in Sources */,
				43635D3A2808137000D633CA /* CourseInfoView.swift in Sources */,
				4363D3F3281000F000C702B0 /* e_UITextField.swift in Sources */,
				43657AEE280E8BE3005DB313 /* e_UILabel.swift in Sources */,
				4381CBC6280D4B5A005E1388 /* Course.swift in Sources */,
				438915532805BDCF0070A2BD /* MainTabBarController.swift in Sources */,
				4363D3E9280FE63600C702B0 /* MessagesInteractor.swift in Sources */,
				43878CA62806F01E00ED092C /* CourseViewModel.swift in Sources */,
				DA8D31BD28096739006E5B3F /* CourseDetailsViewController.swift in Sources */,
				43878C912806A35A00ED092C /* CoursesView.swift in Sources */,
				4363D3E3280FDFC600C702B0 /* SearchBar.swift in Sources */,
				43878CA42806EEDE00ED092C /* UserViewModel.swift in Sources */,
			);
			runOnlyForDeploymentPostprocessing = 0;
		};
/* End PBXSourcesBuildPhase section */

/* Begin PBXVariantGroup section */
		438915482805B5ED0070A2BD /* LaunchScreen.storyboard */ = {
			isa = PBXVariantGroup;
			children = (
				438915492805B5ED0070A2BD /* Base */,
			);
			name = LaunchScreen.storyboard;
			sourceTree = "<group>";
		};
/* End PBXVariantGroup section */

/* Begin XCBuildConfiguration section */
		4389154C2805B5ED0070A2BD /* Debug */ = {
			isa = XCBuildConfiguration;
			buildSettings = {
				ALWAYS_SEARCH_USER_PATHS = NO;
				CLANG_ANALYZER_NONNULL = YES;
				CLANG_ANALYZER_NUMBER_OBJECT_CONVERSION = YES_AGGRESSIVE;
				CLANG_CXX_LANGUAGE_STANDARD = "gnu++17";
				CLANG_ENABLE_MODULES = YES;
				CLANG_ENABLE_OBJC_ARC = YES;
				CLANG_ENABLE_OBJC_WEAK = YES;
				CLANG_WARN_BLOCK_CAPTURE_AUTORELEASING = YES;
				CLANG_WARN_BOOL_CONVERSION = YES;
				CLANG_WARN_COMMA = YES;
				CLANG_WARN_CONSTANT_CONVERSION = YES;
				CLANG_WARN_DEPRECATED_OBJC_IMPLEMENTATIONS = YES;
				CLANG_WARN_DIRECT_OBJC_ISA_USAGE = YES_ERROR;
				CLANG_WARN_DOCUMENTATION_COMMENTS = YES;
				CLANG_WARN_EMPTY_BODY = YES;
				CLANG_WARN_ENUM_CONVERSION = YES;
				CLANG_WARN_INFINITE_RECURSION = YES;
				CLANG_WARN_INT_CONVERSION = YES;
				CLANG_WARN_NON_LITERAL_NULL_CONVERSION = YES;
				CLANG_WARN_OBJC_IMPLICIT_RETAIN_SELF = YES;
				CLANG_WARN_OBJC_LITERAL_CONVERSION = YES;
				CLANG_WARN_OBJC_ROOT_CLASS = YES_ERROR;
				CLANG_WARN_QUOTED_INCLUDE_IN_FRAMEWORK_HEADER = YES;
				CLANG_WARN_RANGE_LOOP_ANALYSIS = YES;
				CLANG_WARN_STRICT_PROTOTYPES = YES;
				CLANG_WARN_SUSPICIOUS_MOVE = YES;
				CLANG_WARN_UNGUARDED_AVAILABILITY = YES_AGGRESSIVE;
				CLANG_WARN_UNREACHABLE_CODE = YES;
				CLANG_WARN__DUPLICATE_METHOD_MATCH = YES;
				COPY_PHASE_STRIP = NO;
				DEBUG_INFORMATION_FORMAT = dwarf;
				ENABLE_STRICT_OBJC_MSGSEND = YES;
				ENABLE_TESTABILITY = YES;
				GCC_C_LANGUAGE_STANDARD = gnu11;
				GCC_DYNAMIC_NO_PIC = NO;
				GCC_NO_COMMON_BLOCKS = YES;
				GCC_OPTIMIZATION_LEVEL = 0;
				GCC_PREPROCESSOR_DEFINITIONS = (
					"DEBUG=1",
					"$(inherited)",
				);
				GCC_WARN_64_TO_32_BIT_CONVERSION = YES;
				GCC_WARN_ABOUT_RETURN_TYPE = YES_ERROR;
				GCC_WARN_UNDECLARED_SELECTOR = YES;
				GCC_WARN_UNINITIALIZED_AUTOS = YES_AGGRESSIVE;
				GCC_WARN_UNUSED_FUNCTION = YES;
				GCC_WARN_UNUSED_VARIABLE = YES;
				IPHONEOS_DEPLOYMENT_TARGET = 14.0;
				MTL_ENABLE_DEBUG_INFO = INCLUDE_SOURCE;
				MTL_FAST_MATH = YES;
				ONLY_ACTIVE_ARCH = YES;
				SDKROOT = iphoneos;
				SWIFT_ACTIVE_COMPILATION_CONDITIONS = DEBUG;
				SWIFT_OPTIMIZATION_LEVEL = "-Onone";
			};
			name = Debug;
		};
		4389154D2805B5ED0070A2BD /* Release */ = {
			isa = XCBuildConfiguration;
			buildSettings = {
				ALWAYS_SEARCH_USER_PATHS = NO;
				CLANG_ANALYZER_NONNULL = YES;
				CLANG_ANALYZER_NUMBER_OBJECT_CONVERSION = YES_AGGRESSIVE;
				CLANG_CXX_LANGUAGE_STANDARD = "gnu++17";
				CLANG_ENABLE_MODULES = YES;
				CLANG_ENABLE_OBJC_ARC = YES;
				CLANG_ENABLE_OBJC_WEAK = YES;
				CLANG_WARN_BLOCK_CAPTURE_AUTORELEASING = YES;
				CLANG_WARN_BOOL_CONVERSION = YES;
				CLANG_WARN_COMMA = YES;
				CLANG_WARN_CONSTANT_CONVERSION = YES;
				CLANG_WARN_DEPRECATED_OBJC_IMPLEMENTATIONS = YES;
				CLANG_WARN_DIRECT_OBJC_ISA_USAGE = YES_ERROR;
				CLANG_WARN_DOCUMENTATION_COMMENTS = YES;
				CLANG_WARN_EMPTY_BODY = YES;
				CLANG_WARN_ENUM_CONVERSION = YES;
				CLANG_WARN_INFINITE_RECURSION = YES;
				CLANG_WARN_INT_CONVERSION = YES;
				CLANG_WARN_NON_LITERAL_NULL_CONVERSION = YES;
				CLANG_WARN_OBJC_IMPLICIT_RETAIN_SELF = YES;
				CLANG_WARN_OBJC_LITERAL_CONVERSION = YES;
				CLANG_WARN_OBJC_ROOT_CLASS = YES_ERROR;
				CLANG_WARN_QUOTED_INCLUDE_IN_FRAMEWORK_HEADER = YES;
				CLANG_WARN_RANGE_LOOP_ANALYSIS = YES;
				CLANG_WARN_STRICT_PROTOTYPES = YES;
				CLANG_WARN_SUSPICIOUS_MOVE = YES;
				CLANG_WARN_UNGUARDED_AVAILABILITY = YES_AGGRESSIVE;
				CLANG_WARN_UNREACHABLE_CODE = YES;
				CLANG_WARN__DUPLICATE_METHOD_MATCH = YES;
				COPY_PHASE_STRIP = NO;
				DEBUG_INFORMATION_FORMAT = "dwarf-with-dsym";
				ENABLE_NS_ASSERTIONS = NO;
				ENABLE_STRICT_OBJC_MSGSEND = YES;
				GCC_C_LANGUAGE_STANDARD = gnu11;
				GCC_NO_COMMON_BLOCKS = YES;
				GCC_WARN_64_TO_32_BIT_CONVERSION = YES;
				GCC_WARN_ABOUT_RETURN_TYPE = YES_ERROR;
				GCC_WARN_UNDECLARED_SELECTOR = YES;
				GCC_WARN_UNINITIALIZED_AUTOS = YES_AGGRESSIVE;
				GCC_WARN_UNUSED_FUNCTION = YES;
				GCC_WARN_UNUSED_VARIABLE = YES;
				IPHONEOS_DEPLOYMENT_TARGET = 14.0;
				MTL_ENABLE_DEBUG_INFO = NO;
				MTL_FAST_MATH = YES;
				SDKROOT = iphoneos;
				SWIFT_COMPILATION_MODE = wholemodule;
				SWIFT_OPTIMIZATION_LEVEL = "-O";
				VALIDATE_PRODUCT = YES;
			};
			name = Release;
		};
		4389154F2805B5ED0070A2BD /* Debug */ = {
			isa = XCBuildConfiguration;
			buildSettings = {
				ASSETCATALOG_COMPILER_APPICON_NAME = AppIcon;
				ASSETCATALOG_COMPILER_GLOBAL_ACCENT_COLOR_NAME = AccentColor;
				CODE_SIGN_STYLE = Automatic;
				CURRENT_PROJECT_VERSION = 1;
				GENERATE_INFOPLIST_FILE = YES;
				INFOPLIST_FILE = LearningApp/Info.plist;
				INFOPLIST_KEY_UIApplicationSupportsIndirectInputEvents = YES;
				INFOPLIST_KEY_UILaunchStoryboardName = LaunchScreen;
				INFOPLIST_KEY_UISupportedInterfaceOrientations_iPad = "UIInterfaceOrientationPortrait UIInterfaceOrientationPortraitUpsideDown UIInterfaceOrientationLandscapeLeft UIInterfaceOrientationLandscapeRight";
				INFOPLIST_KEY_UISupportedInterfaceOrientations_iPhone = "UIInterfaceOrientationPortrait UIInterfaceOrientationLandscapeLeft UIInterfaceOrientationLandscapeRight";
				IPHONEOS_DEPLOYMENT_TARGET = 14.0;
				LD_RUNPATH_SEARCH_PATHS = (
					"$(inherited)",
					"@executable_path/Frameworks",
				);
				MARKETING_VERSION = 1.0;
				PRODUCT_BUNDLE_IDENTIFIER = com.dunice.LearningApp;
				PRODUCT_NAME = "$(TARGET_NAME)";
				SWIFT_EMIT_LOC_STRINGS = YES;
				SWIFT_VERSION = 5.0;
				TARGETED_DEVICE_FAMILY = "1,2";
			};
			name = Debug;
		};
		438915502805B5ED0070A2BD /* Release */ = {
			isa = XCBuildConfiguration;
			buildSettings = {
				ASSETCATALOG_COMPILER_APPICON_NAME = AppIcon;
				ASSETCATALOG_COMPILER_GLOBAL_ACCENT_COLOR_NAME = AccentColor;
				CODE_SIGN_STYLE = Automatic;
				CURRENT_PROJECT_VERSION = 1;
				GENERATE_INFOPLIST_FILE = YES;
				INFOPLIST_FILE = LearningApp/Info.plist;
				INFOPLIST_KEY_UIApplicationSupportsIndirectInputEvents = YES;
				INFOPLIST_KEY_UILaunchStoryboardName = LaunchScreen;
				INFOPLIST_KEY_UISupportedInterfaceOrientations_iPad = "UIInterfaceOrientationPortrait UIInterfaceOrientationPortraitUpsideDown UIInterfaceOrientationLandscapeLeft UIInterfaceOrientationLandscapeRight";
				INFOPLIST_KEY_UISupportedInterfaceOrientations_iPhone = "UIInterfaceOrientationPortrait UIInterfaceOrientationLandscapeLeft UIInterfaceOrientationLandscapeRight";
				IPHONEOS_DEPLOYMENT_TARGET = 14.0;
				LD_RUNPATH_SEARCH_PATHS = (
					"$(inherited)",
					"@executable_path/Frameworks",
				);
				MARKETING_VERSION = 1.0;
				PRODUCT_BUNDLE_IDENTIFIER = com.dunice.LearningApp;
				PRODUCT_NAME = "$(TARGET_NAME)";
				SWIFT_EMIT_LOC_STRINGS = YES;
				SWIFT_VERSION = 5.0;
				TARGETED_DEVICE_FAMILY = "1,2";
			};
			name = Release;
		};
/* End XCBuildConfiguration section */

/* Begin XCConfigurationList section */
		438915352805B5E90070A2BD /* Build configuration list for PBXProject "LearningApp" */ = {
			isa = XCConfigurationList;
			buildConfigurations = (
				4389154C2805B5ED0070A2BD /* Debug */,
				4389154D2805B5ED0070A2BD /* Release */,
			);
			defaultConfigurationIsVisible = 0;
			defaultConfigurationName = Release;
		};
		4389154E2805B5ED0070A2BD /* Build configuration list for PBXNativeTarget "LearningApp" */ = {
			isa = XCConfigurationList;
			buildConfigurations = (
				4389154F2805B5ED0070A2BD /* Debug */,
				438915502805B5ED0070A2BD /* Release */,
			);
			defaultConfigurationIsVisible = 0;
			defaultConfigurationName = Release;
		};
/* End XCConfigurationList section */
	};
	rootObject = 438915322805B5E90070A2BD /* Project object */;
}
