// !$*UTF8*$!
{
	archiveVersion = 1;
	classes = {
	};
	objectVersion = 55;
	objects = {

/* Begin PBXBuildFile section */
		4389153E2805B5EA0070A2BD /* AppDelegate.swift in Sources */ = {isa = PBXBuildFile; fileRef = 4389153D2805B5EA0070A2BD /* AppDelegate.swift */; };
		438915422805B5EA0070A2BD /* ViewController.swift in Sources */ = {isa = PBXBuildFile; fileRef = 438915412805B5EA0070A2BD /* ViewController.swift */; };
		438915472805B5EC0070A2BD /* Assets.xcassets in Resources */ = {isa = PBXBuildFile; fileRef = 438915462805B5EC0070A2BD /* Assets.xcassets */; };
		4389154A2805B5ED0070A2BD /* LaunchScreen.storyboard in Resources */ = {isa = PBXBuildFile; fileRef = 438915482805B5ED0070A2BD /* LaunchScreen.storyboard */; };
		438915532805BDCF0070A2BD /* MainTabBarController.swift in Sources */ = {isa = PBXBuildFile; fileRef = 438915522805BDCF0070A2BD /* MainTabBarController.swift */; };
		4389155C2805BF690070A2BD /* ExploreViewController.swift in Sources */ = {isa = PBXBuildFile; fileRef = 4389155B2805BF690070A2BD /* ExploreViewController.swift */; };
		4389155E2805BF850070A2BD /* HomeViewController.swift in Sources */ = {isa = PBXBuildFile; fileRef = 4389155D2805BF850070A2BD /* HomeViewController.swift */; };
		438915602805BF990070A2BD /* MessagesViewController.swift in Sources */ = {isa = PBXBuildFile; fileRef = 4389155F2805BF990070A2BD /* MessagesViewController.swift */; };
		438915622805BFA50070A2BD /* UserViewController.swift in Sources */ = {isa = PBXBuildFile; fileRef = 438915612805BFA50070A2BD /* UserViewController.swift */; };
/* End PBXBuildFile section */

/* Begin PBXFileReference section */
		4389153A2805B5EA0070A2BD /* LearningApp.app */ = {isa = PBXFileReference; explicitFileType = wrapper.application; includeInIndex = 0; path = LearningApp.app; sourceTree = BUILT_PRODUCTS_DIR; };
		4389153D2805B5EA0070A2BD /* AppDelegate.swift */ = {isa = PBXFileReference; lastKnownFileType = sourcecode.swift; path = AppDelegate.swift; sourceTree = "<group>"; };
		438915412805B5EA0070A2BD /* ViewController.swift */ = {isa = PBXFileReference; lastKnownFileType = sourcecode.swift; path = ViewController.swift; sourceTree = "<group>"; };
		438915462805B5EC0070A2BD /* Assets.xcassets */ = {isa = PBXFileReference; lastKnownFileType = folder.assetcatalog; path = Assets.xcassets; sourceTree = "<group>"; };
		438915492805B5ED0070A2BD /* Base */ = {isa = PBXFileReference; lastKnownFileType = file.storyboard; name = Base; path = Base.lproj/LaunchScreen.storyboard; sourceTree = "<group>"; };
		4389154B2805B5ED0070A2BD /* Info.plist */ = {isa = PBXFileReference; lastKnownFileType = text.plist.xml; path = Info.plist; sourceTree = "<group>"; };
		438915522805BDCF0070A2BD /* MainTabBarController.swift */ = {isa = PBXFileReference; lastKnownFileType = sourcecode.swift; path = MainTabBarController.swift; sourceTree = "<group>"; };
		4389155B2805BF690070A2BD /* ExploreViewController.swift */ = {isa = PBXFileReference; lastKnownFileType = sourcecode.swift; path = ExploreViewController.swift; sourceTree = "<group>"; };
		4389155D2805BF850070A2BD /* HomeViewController.swift */ = {isa = PBXFileReference; lastKnownFileType = sourcecode.swift; path = HomeViewController.swift; sourceTree = "<group>"; };
		4389155F2805BF990070A2BD /* MessagesViewController.swift */ = {isa = PBXFileReference; lastKnownFileType = sourcecode.swift; path = MessagesViewController.swift; sourceTree = "<group>"; };
		438915612805BFA50070A2BD /* UserViewController.swift */ = {isa = PBXFileReference; lastKnownFileType = sourcecode.swift; path = UserViewController.swift; sourceTree = "<group>"; };
/* End PBXFileReference section */

/* Begin PBXFrameworksBuildPhase section */
		438915372805B5EA0070A2BD /* Frameworks */ = {
			isa = PBXFrameworksBuildPhase;
			buildActionMask = 2147483647;
			files = (
			);
			runOnlyForDeploymentPostprocessing = 0;
		};
/* End PBXFrameworksBuildPhase section */

/* Begin PBXGroup section */
		438915312805B5E90070A2BD = {
			isa = PBXGroup;
			children = (
				4389153C2805B5EA0070A2BD /* LearningApp */,
				4389153B2805B5EA0070A2BD /* Products */,
			);
			sourceTree = "<group>";
		};
		4389153B2805B5EA0070A2BD /* Products */ = {
			isa = PBXGroup;
			children = (
				4389153A2805B5EA0070A2BD /* LearningApp.app */,
			);
			name = Products;
			sourceTree = "<group>";
		};
		4389153C2805B5EA0070A2BD /* LearningApp */ = {
			isa = PBXGroup;
			children = (
				4389153D2805B5EA0070A2BD /* AppDelegate.swift */,
				438915412805B5EA0070A2BD /* ViewController.swift */,
				438915512805B8820070A2BD /* View */,
				438915592805BF3F0070A2BD /* Explore */,
				438915582805BF140070A2BD /* Messages */,
				4389155A2805BF4C0070A2BD /* User */,
				438915632805C8A00070A2BD /* Extensions */,
				438915462805B5EC0070A2BD /* Assets.xcassets */,
				438915482805B5ED0070A2BD /* LaunchScreen.storyboard */,
				4389154B2805B5ED0070A2BD /* Info.plist */,
			);
			path = LearningApp;
			sourceTree = "<group>";
		};
		438915512805B8820070A2BD /* View */ = {
			isa = PBXGroup;
			children = (
				438915522805BDCF0070A2BD /* MainTabBarController.swift */,
				438915542805BE000070A2BD /* Home */,
			);
			path = View;
			sourceTree = "<group>";
		};
		438915542805BE000070A2BD /* Home */ = {
			isa = PBXGroup;
			children = (
				4389155D2805BF850070A2BD /* HomeViewController.swift */,
				438915552805BE980070A2BD /* Subviews */,
				438915562805BEA40070A2BD /* CourseDetails */,
			);
			path = Home;
			sourceTree = "<group>";
		};
		438915552805BE980070A2BD /* Subviews */ = {
			isa = PBXGroup;
			children = (
			);
			path = Subviews;
			sourceTree = "<group>";
		};
		438915562805BEA40070A2BD /* CourseDetails */ = {
			isa = PBXGroup;
			children = (
				438915572805BEDE0070A2BD /* FollowClassModal */,
			);
			path = CourseDetails;
			sourceTree = "<group>";
		};
		438915572805BEDE0070A2BD /* FollowClassModal */ = {
			isa = PBXGroup;
			children = (
			);
			path = FollowClassModal;
			sourceTree = "<group>";
		};
		438915582805BF140070A2BD /* Messages */ = {
			isa = PBXGroup;
			children = (
				4389155F2805BF990070A2BD /* MessagesViewController.swift */,
			);
			path = Messages;
			sourceTree = "<group>";
		};
		438915592805BF3F0070A2BD /* Explore */ = {
			isa = PBXGroup;
			children = (
				4389155B2805BF690070A2BD /* ExploreViewController.swift */,
			);
			path = Explore;
			sourceTree = "<group>";
		};
		4389155A2805BF4C0070A2BD /* User */ = {
			isa = PBXGroup;
			children = (
				438915612805BFA50070A2BD /* UserViewController.swift */,
			);
			path = User;
			sourceTree = "<group>";
		};
		438915632805C8A00070A2BD /* Extensions */ = {
			isa = PBXGroup;
			children = (
			);
			path = Extensions;
			sourceTree = "<group>";
		};
/* End PBXGroup section */

/* Begin PBXNativeTarget section */
		438915392805B5EA0070A2BD /* LearningApp */ = {
			isa = PBXNativeTarget;
			buildConfigurationList = 4389154E2805B5ED0070A2BD /* Build configuration list for PBXNativeTarget "LearningApp" */;
			buildPhases = (
				438915362805B5EA0070A2BD /* Sources */,
				438915372805B5EA0070A2BD /* Frameworks */,
				438915382805B5EA0070A2BD /* Resources */,
			);
			buildRules = (
			);
			dependencies = (
			);
			name = LearningApp;
			productName = LearningApp;
			productReference = 4389153A2805B5EA0070A2BD /* LearningApp.app */;
			productType = "com.apple.product-type.application";
		};
/* End PBXNativeTarget section */

/* Begin PBXProject section */
		438915322805B5E90070A2BD /* Project object */ = {
			isa = PBXProject;
			attributes = {
				BuildIndependentTargetsInParallel = 1;
				LastSwiftUpdateCheck = 1330;
				LastUpgradeCheck = 1330;
				TargetAttributes = {
					438915392805B5EA0070A2BD = {
						CreatedOnToolsVersion = 13.3;
					};
				};
			};
			buildConfigurationList = 438915352805B5E90070A2BD /* Build configuration list for PBXProject "LearningApp" */;
			compatibilityVersion = "Xcode 13.0";
			developmentRegion = en;
			hasScannedForEncodings = 0;
			knownRegions = (
				en,
				Base,
			);
			mainGroup = 438915312805B5E90070A2BD;
			productRefGroup = 4389153B2805B5EA0070A2BD /* Products */;
			projectDirPath = "";
			projectRoot = "";
			targets = (
				438915392805B5EA0070A2BD /* LearningApp */,
			);
		};
/* End PBXProject section */

/* Begin PBXResourcesBuildPhase section */
		438915382805B5EA0070A2BD /* Resources */ = {
			isa = PBXResourcesBuildPhase;
			buildActionMask = 2147483647;
			files = (
				4389154A2805B5ED0070A2BD /* LaunchScreen.storyboard in Resources */,
				438915472805B5EC0070A2BD /* Assets.xcassets in Resources */,
			);
			runOnlyForDeploymentPostprocessing = 0;
		};
/* End PBXResourcesBuildPhase section */

/* Begin PBXSourcesBuildPhase section */
		438915362805B5EA0070A2BD /* Sources */ = {
			isa = PBXSourcesBuildPhase;
			buildActionMask = 2147483647;
			files = (
				438915622805BFA50070A2BD /* UserViewController.swift in Sources */,
				438915602805BF990070A2BD /* MessagesViewController.swift in Sources */,
				4389155E2805BF850070A2BD /* HomeViewController.swift in Sources */,
				4389155C2805BF690070A2BD /* ExploreViewController.swift in Sources */,
				438915422805B5EA0070A2BD /* ViewController.swift in Sources */,
				4389153E2805B5EA0070A2BD /* AppDelegate.swift in Sources */,
				438915532805BDCF0070A2BD /* MainTabBarController.swift in Sources */,
			);
			runOnlyForDeploymentPostprocessing = 0;
		};
/* End PBXSourcesBuildPhase section */

/* Begin PBXVariantGroup section */
		438915482805B5ED0070A2BD /* LaunchScreen.storyboard */ = {
			isa = PBXVariantGroup;
			children = (
				438915492805B5ED0070A2BD /* Base */,
			);
			name = LaunchScreen.storyboard;
			sourceTree = "<group>";
		};
/* End PBXVariantGroup section */

/* Begin XCBuildConfiguration section */
		4389154C2805B5ED0070A2BD /* Debug */ = {
			isa = XCBuildConfiguration;
			buildSettings = {
				ALWAYS_SEARCH_USER_PATHS = NO;
				CLANG_ANALYZER_NONNULL = YES;
				CLANG_ANALYZER_NUMBER_OBJECT_CONVERSION = YES_AGGRESSIVE;
				CLANG_CXX_LANGUAGE_STANDARD = "gnu++17";
				CLANG_ENABLE_MODULES = YES;
				CLANG_ENABLE_OBJC_ARC = YES;
				CLANG_ENABLE_OBJC_WEAK = YES;
				CLANG_WARN_BLOCK_CAPTURE_AUTORELEASING = YES;
				CLANG_WARN_BOOL_CONVERSION = YES;
				CLANG_WARN_COMMA = YES;
				CLANG_WARN_CONSTANT_CONVERSION = YES;
				CLANG_WARN_DEPRECATED_OBJC_IMPLEMENTATIONS = YES;
				CLANG_WARN_DIRECT_OBJC_ISA_USAGE = YES_ERROR;
				CLANG_WARN_DOCUMENTATION_COMMENTS = YES;
				CLANG_WARN_EMPTY_BODY = YES;
				CLANG_WARN_ENUM_CONVERSION = YES;
				CLANG_WARN_INFINITE_RECURSION = YES;
				CLANG_WARN_INT_CONVERSION = YES;
				CLANG_WARN_NON_LITERAL_NULL_CONVERSION = YES;
				CLANG_WARN_OBJC_IMPLICIT_RETAIN_SELF = YES;
				CLANG_WARN_OBJC_LITERAL_CONVERSION = YES;
				CLANG_WARN_OBJC_ROOT_CLASS = YES_ERROR;
				CLANG_WARN_QUOTED_INCLUDE_IN_FRAMEWORK_HEADER = YES;
				CLANG_WARN_RANGE_LOOP_ANALYSIS = YES;
				CLANG_WARN_STRICT_PROTOTYPES = YES;
				CLANG_WARN_SUSPICIOUS_MOVE = YES;
				CLANG_WARN_UNGUARDED_AVAILABILITY = YES_AGGRESSIVE;
				CLANG_WARN_UNREACHABLE_CODE = YES;
				CLANG_WARN__DUPLICATE_METHOD_MATCH = YES;
				COPY_PHASE_STRIP = NO;
				DEBUG_INFORMATION_FORMAT = dwarf;
				ENABLE_STRICT_OBJC_MSGSEND = YES;
				ENABLE_TESTABILITY = YES;
				GCC_C_LANGUAGE_STANDARD = gnu11;
				GCC_DYNAMIC_NO_PIC = NO;
				GCC_NO_COMMON_BLOCKS = YES;
				GCC_OPTIMIZATION_LEVEL = 0;
				GCC_PREPROCESSOR_DEFINITIONS = (
					"DEBUG=1",
					"$(inherited)",
				);
				GCC_WARN_64_TO_32_BIT_CONVERSION = YES;
				GCC_WARN_ABOUT_RETURN_TYPE = YES_ERROR;
				GCC_WARN_UNDECLARED_SELECTOR = YES;
				GCC_WARN_UNINITIALIZED_AUTOS = YES_AGGRESSIVE;
				GCC_WARN_UNUSED_FUNCTION = YES;
				GCC_WARN_UNUSED_VARIABLE = YES;
				IPHONEOS_DEPLOYMENT_TARGET = 15.4;
				MTL_ENABLE_DEBUG_INFO = INCLUDE_SOURCE;
				MTL_FAST_MATH = YES;
				ONLY_ACTIVE_ARCH = YES;
				SDKROOT = iphoneos;
				SWIFT_ACTIVE_COMPILATION_CONDITIONS = DEBUG;
				SWIFT_OPTIMIZATION_LEVEL = "-Onone";
			};
			name = Debug;
		};
		4389154D2805B5ED0070A2BD /* Release */ = {
			isa = XCBuildConfiguration;
			buildSettings = {
				ALWAYS_SEARCH_USER_PATHS = NO;
				CLANG_ANALYZER_NONNULL = YES;
				CLANG_ANALYZER_NUMBER_OBJECT_CONVERSION = YES_AGGRESSIVE;
				CLANG_CXX_LANGUAGE_STANDARD = "gnu++17";
				CLANG_ENABLE_MODULES = YES;
				CLANG_ENABLE_OBJC_ARC = YES;
				CLANG_ENABLE_OBJC_WEAK = YES;
				CLANG_WARN_BLOCK_CAPTURE_AUTORELEASING = YES;
				CLANG_WARN_BOOL_CONVERSION = YES;
				CLANG_WARN_COMMA = YES;
				CLANG_WARN_CONSTANT_CONVERSION = YES;
				CLANG_WARN_DEPRECATED_OBJC_IMPLEMENTATIONS = YES;
				CLANG_WARN_DIRECT_OBJC_ISA_USAGE = YES_ERROR;
				CLANG_WARN_DOCUMENTATION_COMMENTS = YES;
				CLANG_WARN_EMPTY_BODY = YES;
				CLANG_WARN_ENUM_CONVERSION = YES;
				CLANG_WARN_INFINITE_RECURSION = YES;
				CLANG_WARN_INT_CONVERSION = YES;
				CLANG_WARN_NON_LITERAL_NULL_CONVERSION = YES;
				CLANG_WARN_OBJC_IMPLICIT_RETAIN_SELF = YES;
				CLANG_WARN_OBJC_LITERAL_CONVERSION = YES;
				CLANG_WARN_OBJC_ROOT_CLASS = YES_ERROR;
				CLANG_WARN_QUOTED_INCLUDE_IN_FRAMEWORK_HEADER = YES;
				CLANG_WARN_RANGE_LOOP_ANALYSIS = YES;
				CLANG_WARN_STRICT_PROTOTYPES = YES;
				CLANG_WARN_SUSPICIOUS_MOVE = YES;
				CLANG_WARN_UNGUARDED_AVAILABILITY = YES_AGGRESSIVE;
				CLANG_WARN_UNREACHABLE_CODE = YES;
				CLANG_WARN__DUPLICATE_METHOD_MATCH = YES;
				COPY_PHASE_STRIP = NO;
				DEBUG_INFORMATION_FORMAT = "dwarf-with-dsym";
				ENABLE_NS_ASSERTIONS = NO;
				ENABLE_STRICT_OBJC_MSGSEND = YES;
				GCC_C_LANGUAGE_STANDARD = gnu11;
				GCC_NO_COMMON_BLOCKS = YES;
				GCC_WARN_64_TO_32_BIT_CONVERSION = YES;
				GCC_WARN_ABOUT_RETURN_TYPE = YES_ERROR;
				GCC_WARN_UNDECLARED_SELECTOR = YES;
				GCC_WARN_UNINITIALIZED_AUTOS = YES_AGGRESSIVE;
				GCC_WARN_UNUSED_FUNCTION = YES;
				GCC_WARN_UNUSED_VARIABLE = YES;
				IPHONEOS_DEPLOYMENT_TARGET = 15.4;
				MTL_ENABLE_DEBUG_INFO = NO;
				MTL_FAST_MATH = YES;
				SDKROOT = iphoneos;
				SWIFT_COMPILATION_MODE = wholemodule;
				SWIFT_OPTIMIZATION_LEVEL = "-O";
				VALIDATE_PRODUCT = YES;
			};
			name = Release;
		};
		4389154F2805B5ED0070A2BD /* Debug */ = {
			isa = XCBuildConfiguration;
			buildSettings = {
				ASSETCATALOG_COMPILER_APPICON_NAME = AppIcon;
				ASSETCATALOG_COMPILER_GLOBAL_ACCENT_COLOR_NAME = AccentColor;
				CODE_SIGN_STYLE = Automatic;
				CURRENT_PROJECT_VERSION = 1;
				GENERATE_INFOPLIST_FILE = YES;
				INFOPLIST_FILE = LearningApp/Info.plist;
				INFOPLIST_KEY_UIApplicationSupportsIndirectInputEvents = YES;
				INFOPLIST_KEY_UILaunchStoryboardName = LaunchScreen;
				INFOPLIST_KEY_UISupportedInterfaceOrientations_iPad = "UIInterfaceOrientationPortrait UIInterfaceOrientationPortraitUpsideDown UIInterfaceOrientationLandscapeLeft UIInterfaceOrientationLandscapeRight";
				INFOPLIST_KEY_UISupportedInterfaceOrientations_iPhone = "UIInterfaceOrientationPortrait UIInterfaceOrientationLandscapeLeft UIInterfaceOrientationLandscapeRight";
				LD_RUNPATH_SEARCH_PATHS = (
					"$(inherited)",
					"@executable_path/Frameworks",
				);
				MARKETING_VERSION = 1.0;
				PRODUCT_BUNDLE_IDENTIFIER = com.dunice.LearningApp;
				PRODUCT_NAME = "$(TARGET_NAME)";
				SWIFT_EMIT_LOC_STRINGS = YES;
				SWIFT_VERSION = 5.0;
				TARGETED_DEVICE_FAMILY = "1,2";
			};
			name = Debug;
		};
		438915502805B5ED0070A2BD /* Release */ = {
			isa = XCBuildConfiguration;
			buildSettings = {
				ASSETCATALOG_COMPILER_APPICON_NAME = AppIcon;
				ASSETCATALOG_COMPILER_GLOBAL_ACCENT_COLOR_NAME = AccentColor;
				CODE_SIGN_STYLE = Automatic;
				CURRENT_PROJECT_VERSION = 1;
				GENERATE_INFOPLIST_FILE = YES;
				INFOPLIST_FILE = LearningApp/Info.plist;
				INFOPLIST_KEY_UIApplicationSupportsIndirectInputEvents = YES;
				INFOPLIST_KEY_UILaunchStoryboardName = LaunchScreen;
				INFOPLIST_KEY_UISupportedInterfaceOrientations_iPad = "UIInterfaceOrientationPortrait UIInterfaceOrientationPortraitUpsideDown UIInterfaceOrientationLandscapeLeft UIInterfaceOrientationLandscapeRight";
				INFOPLIST_KEY_UISupportedInterfaceOrientations_iPhone = "UIInterfaceOrientationPortrait UIInterfaceOrientationLandscapeLeft UIInterfaceOrientationLandscapeRight";
				LD_RUNPATH_SEARCH_PATHS = (
					"$(inherited)",
					"@executable_path/Frameworks",
				);
				MARKETING_VERSION = 1.0;
				PRODUCT_BUNDLE_IDENTIFIER = com.dunice.LearningApp;
				PRODUCT_NAME = "$(TARGET_NAME)";
				SWIFT_EMIT_LOC_STRINGS = YES;
				SWIFT_VERSION = 5.0;
				TARGETED_DEVICE_FAMILY = "1,2";
			};
			name = Release;
		};
/* End XCBuildConfiguration section */

/* Begin XCConfigurationList section */
		438915352805B5E90070A2BD /* Build configuration list for PBXProject "LearningApp" */ = {
			isa = XCConfigurationList;
			buildConfigurations = (
				4389154C2805B5ED0070A2BD /* Debug */,
				4389154D2805B5ED0070A2BD /* Release */,
			);
			defaultConfigurationIsVisible = 0;
			defaultConfigurationName = Release;
		};
		4389154E2805B5ED0070A2BD /* Build configuration list for PBXNativeTarget "LearningApp" */ = {
			isa = XCConfigurationList;
			buildConfigurations = (
				4389154F2805B5ED0070A2BD /* Debug */,
				438915502805B5ED0070A2BD /* Release */,
			);
			defaultConfigurationIsVisible = 0;
			defaultConfigurationName = Release;
		};
/* End XCConfigurationList section */
	};
	rootObject = 438915322805B5E90070A2BD /* Project object */;
}
